
Microsoft Visual Studio Solution File, Format Version 12.00
# Visual Studio Version 17
VisualStudioVersion = 17.9.34701.34
MinimumVisualStudioVersion = 10.0.40219.1
Project("{9A19103F-16F7-4668-BE54-9A1E7A4F7556}") = "LibraryManagementSystem", "LibraryManagementSystem\LibraryManagementSystem.csproj", "{CBB6ADDA-9277-4AC6-B413-7AB1861C6255}"
EndProject
Project("{FAE04EC0-301F-11D3-BF4B-00C04F79EFBC}") = "LibraryManigmentSystem_Tests", "LibraryManigmentSystem_Tests\LibraryManigmentSystem_Tests.csproj", "{0BBF9E78-FCE5-4ABF-A3DE-7981A4CF78E7}"
EndProject
Global
	GlobalSection(SolutionConfigurationPlatforms) = preSolution
		Debug|Any CPU = Debug|Any CPU
		Release|Any CPU = Release|Any CPU
	EndGlobalSection
	GlobalSection(ProjectConfigurationPlatforms) = postSolution
		{CBB6ADDA-9277-4AC6-B413-7AB1861C6255}.Debug|Any CPU.ActiveCfg = Debug|Any CPU
		{CBB6ADDA-9277-4AC6-B413-7AB1861C6255}.Debug|Any CPU.Build.0 = Debug|Any CPU
		{CBB6ADDA-9277-4AC6-B413-7AB1861C6255}.Release|Any CPU.ActiveCfg = Release|Any CPU
		{CBB6ADDA-9277-4AC6-B413-7AB1861C6255}.Release|Any CPU.Build.0 = Release|Any CPU
		{0BBF9E78-FCE5-4ABF-A3DE-7981A4CF78E7}.Debug|Any CPU.ActiveCfg = Debug|Any CPU
		{0BBF9E78-FCE5-4ABF-A3DE-7981A4CF78E7}.Debug|Any CPU.Build.0 = Debug|Any CPU
		{0BBF9E78-FCE5-4ABF-A3DE-7981A4CF78E7}.Release|Any CPU.ActiveCfg = Release|Any CPU
		{0BBF9E78-FCE5-4ABF-A3DE-7981A4CF78E7}.Release|Any CPU.Build.0 = Release|Any CPU
	EndGlobalSection
	GlobalSection(SolutionProperties) = preSolution
		HideSolutionNode = FALSE
	EndGlobalSection
	GlobalSection(ExtensibilityGlobals) = postSolution
		SolutionGuid = {32F6048A-6C70-4CFB-8EC6-6BE261C3E905}
	EndGlobalSection
EndGlobal
